# THIS IS AN AUTOGENERATED FILE. DO NOT EDIT THIS FILE DIRECTLY.
# yarn lockfile v1


"@videosdk.live/js-sdk@0.0.24":
  version "0.0.24"
  resolved "https://registry.yarnpkg.com/@videosdk.live/js-sdk/-/js-sdk-0.0.24.tgz#859606613cc66046b63fe3c9ecf7db0ea8cc3c95"
  integrity sha512-XRju32A8Ol5mvwwBeiQ22/Rc4jldKtmJC+AfpPCop3Kxgm/tXGe9dWALD/xtwHgolqrJJ5kE1oQMf9JxkmRTPQ==

"@videosdk.live/react-sdk@^0.1.21":
  version "0.1.21"
  resolved "https://registry.yarnpkg.com/@videosdk.live/react-sdk/-/react-sdk-0.1.21.tgz#88ce4c2b1a683d83691f7632b613ffcafd3f7c89"
  integrity sha512-uXHMQH8gac+Rnb1NpnUCAk5XluB6olMhYOuO6uT5zl5amXszZGaVWHcwinnt0wQcrSTR+lPySWG6q3dRxhUpbA==
  dependencies:
    "@videosdk.live/js-sdk" "0.0.24"
    events "^3.3.0"

events@^3.3.0:
  version "3.3.0"
  resolved "https://registry.yarnpkg.com/events/-/events-3.3.0.tgz#31a95ad0a924e2d2c419a813aeb2c4e878ea7400"
  integrity sha512-mQw+2fkQbALzQ7V0MY0IqdnXNOeTtP4r0lN9z7AAawCXgqea7bDii20AYrIBrFd/Hx0M2Ocz6S111CaFkUcb0Q==
